// !$*UTF8*$!
{
	archiveVersion = 1;
	classes = {
	};
	objectVersion = 55;
	objects = {

/* Begin PBXBuildFile section */
		A7E0229927BA8373009E3B32 /* CryptoCurrencyApp.swift in Sources */ = {isa = PBXBuildFile; fileRef = A7E0229827BA8373009E3B32 /* CryptoCurrencyApp.swift */; };
		A7E0229B27BA8373009E3B32 /* ContentView.swift in Sources */ = {isa = PBXBuildFile; fileRef = A7E0229A27BA8373009E3B32 /* ContentView.swift */; };
		A7E0229D27BA8375009E3B32 /* Assets.xcassets in Resources */ = {isa = PBXBuildFile; fileRef = A7E0229C27BA8375009E3B32 /* Assets.xcassets */; };
		A7E022A027BA8375009E3B32 /* Preview Assets.xcassets in Resources */ = {isa = PBXBuildFile; fileRef = A7E0229F27BA8375009E3B32 /* Preview Assets.xcassets */; };
		A7E022AA27BA8375009E3B32 /* CryptoCurrencyTests.swift in Sources */ = {isa = PBXBuildFile; fileRef = A7E022A927BA8375009E3B32 /* CryptoCurrencyTests.swift */; };
		A7E022B427BA8375009E3B32 /* CryptoCurrencyUITests.swift in Sources */ = {isa = PBXBuildFile; fileRef = A7E022B327BA8375009E3B32 /* CryptoCurrencyUITests.swift */; };
		A7E022B627BA8375009E3B32 /* CryptoCurrencyUITestsLaunchTests.swift in Sources */ = {isa = PBXBuildFile; fileRef = A7E022B527BA8375009E3B32 /* CryptoCurrencyUITestsLaunchTests.swift */; };
		A7E022C427BAC2E6009E3B32 /* NetworkLayer.swift in Sources */ = {isa = PBXBuildFile; fileRef = A7E022C327BAC2E6009E3B32 /* NetworkLayer.swift */; };
		A7E022C627BAC2FD009E3B32 /* ServiceProvider.swift in Sources */ = {isa = PBXBuildFile; fileRef = A7E022C527BAC2FD009E3B32 /* ServiceProvider.swift */; };
		A7E022C827BAC30A009E3B32 /* Error.swift in Sources */ = {isa = PBXBuildFile; fileRef = A7E022C727BAC30A009E3B32 /* Error.swift */; };
		A7E022CA27BAC318009E3B32 /* Executor.swift in Sources */ = {isa = PBXBuildFile; fileRef = A7E022C927BAC318009E3B32 /* Executor.swift */; };
		A7F1DBDC27BB0A54003C028E /* CoinModel.swift in Sources */ = {isa = PBXBuildFile; fileRef = A7F1DBDB27BB0A54003C028E /* CoinModel.swift */; };
		A7F1DBDE27BB420D003C028E /* CoinService.swift in Sources */ = {isa = PBXBuildFile; fileRef = A7F1DBDD27BB420D003C028E /* CoinService.swift */; };
		A7F1DBE027BBECB5003C028E /* CoinViewModel.swift in Sources */ = {isa = PBXBuildFile; fileRef = A7F1DBDF27BBECB5003C028E /* CoinViewModel.swift */; };
		A7F1DBE327BC3C3F003C028E /* SelectAssetView.swift in Sources */ = {isa = PBXBuildFile; fileRef = A7F1DBE227BC3C3F003C028E /* SelectAssetView.swift */; };
		A7F1DBE627BC3FFE003C028E /* Double+Ext.swift in Sources */ = {isa = PBXBuildFile; fileRef = A7F1DBE527BC3FFE003C028E /* Double+Ext.swift */; };
/* End PBXBuildFile section */

/* Begin PBXContainerItemProxy section */
		A7E022A627BA8375009E3B32 /* PBXContainerItemProxy */ = {
			isa = PBXContainerItemProxy;
			containerPortal = A7E0228D27BA8373009E3B32 /* Project object */;
			proxyType = 1;
			remoteGlobalIDString = A7E0229427BA8373009E3B32;
			remoteInfo = CryptoCurrency;
		};
		A7E022B027BA8375009E3B32 /* PBXContainerItemProxy */ = {
			isa = PBXContainerItemProxy;
			containerPortal = A7E0228D27BA8373009E3B32 /* Project object */;
			proxyType = 1;
			remoteGlobalIDString = A7E0229427BA8373009E3B32;
			remoteInfo = CryptoCurrency;
		};
/* End PBXContainerItemProxy section */

/* Begin PBXFileReference section */
		A7E0229527BA8373009E3B32 /* CryptoCurrency.app */ = {isa = PBXFileReference; explicitFileType = wrapper.application; includeInIndex = 0; path = CryptoCurrency.app; sourceTree = BUILT_PRODUCTS_DIR; };
		A7E0229827BA8373009E3B32 /* CryptoCurrencyApp.swift */ = {isa = PBXFileReference; lastKnownFileType = sourcecode.swift; path = CryptoCurrencyApp.swift; sourceTree = "<group>"; };
		A7E0229A27BA8373009E3B32 /* ContentView.swift */ = {isa = PBXFileReference; lastKnownFileType = sourcecode.swift; path = ContentView.swift; sourceTree = "<group>"; };
		A7E0229C27BA8375009E3B32 /* Assets.xcassets */ = {isa = PBXFileReference; lastKnownFileType = folder.assetcatalog; path = Assets.xcassets; sourceTree = "<group>"; };
		A7E0229F27BA8375009E3B32 /* Preview Assets.xcassets */ = {isa = PBXFileReference; lastKnownFileType = folder.assetcatalog; path = "Preview Assets.xcassets"; sourceTree = "<group>"; };
		A7E022A527BA8375009E3B32 /* CryptoCurrencyTests.xctest */ = {isa = PBXFileReference; explicitFileType = wrapper.cfbundle; includeInIndex = 0; path = CryptoCurrencyTests.xctest; sourceTree = BUILT_PRODUCTS_DIR; };
		A7E022A927BA8375009E3B32 /* CryptoCurrencyTests.swift */ = {isa = PBXFileReference; lastKnownFileType = sourcecode.swift; path = CryptoCurrencyTests.swift; sourceTree = "<group>"; };
		A7E022AF27BA8375009E3B32 /* CryptoCurrencyUITests.xctest */ = {isa = PBXFileReference; explicitFileType = wrapper.cfbundle; includeInIndex = 0; path = CryptoCurrencyUITests.xctest; sourceTree = BUILT_PRODUCTS_DIR; };
		A7E022B327BA8375009E3B32 /* CryptoCurrencyUITests.swift */ = {isa = PBXFileReference; lastKnownFileType = sourcecode.swift; path = CryptoCurrencyUITests.swift; sourceTree = "<group>"; };
		A7E022B527BA8375009E3B32 /* CryptoCurrencyUITestsLaunchTests.swift */ = {isa = PBXFileReference; lastKnownFileType = sourcecode.swift; path = CryptoCurrencyUITestsLaunchTests.swift; sourceTree = "<group>"; };
		A7E022C327BAC2E6009E3B32 /* NetworkLayer.swift */ = {isa = PBXFileReference; lastKnownFileType = sourcecode.swift; path = NetworkLayer.swift; sourceTree = "<group>"; };
		A7E022C527BAC2FD009E3B32 /* ServiceProvider.swift */ = {isa = PBXFileReference; lastKnownFileType = sourcecode.swift; path = ServiceProvider.swift; sourceTree = "<group>"; };
		A7E022C727BAC30A009E3B32 /* Error.swift */ = {isa = PBXFileReference; lastKnownFileType = sourcecode.swift; path = Error.swift; sourceTree = "<group>"; };
		A7E022C927BAC318009E3B32 /* Executor.swift */ = {isa = PBXFileReference; lastKnownFileType = sourcecode.swift; path = Executor.swift; sourceTree = "<group>"; };
		A7F1DBDB27BB0A54003C028E /* CoinModel.swift */ = {isa = PBXFileReference; lastKnownFileType = sourcecode.swift; path = CoinModel.swift; sourceTree = "<group>"; };
		A7F1DBDD27BB420D003C028E /* CoinService.swift */ = {isa = PBXFileReference; lastKnownFileType = sourcecode.swift; path = CoinService.swift; sourceTree = "<group>"; };
		A7F1DBDF27BBECB5003C028E /* CoinViewModel.swift */ = {isa = PBXFileReference; lastKnownFileType = sourcecode.swift; path = CoinViewModel.swift; sourceTree = "<group>"; };
		A7F1DBE227BC3C3F003C028E /* SelectAssetView.swift */ = {isa = PBXFileReference; lastKnownFileType = sourcecode.swift; path = SelectAssetView.swift; sourceTree = "<group>"; };
		A7F1DBE527BC3FFE003C028E /* Double+Ext.swift */ = {isa = PBXFileReference; lastKnownFileType = sourcecode.swift; path = "Double+Ext.swift"; sourceTree = "<group>"; };
/* End PBXFileReference section */

/* Begin PBXFrameworksBuildPhase section */
		A7E0229227BA8373009E3B32 /* Frameworks */ = {
			isa = PBXFrameworksBuildPhase;
			buildActionMask = 2147483647;
			files = (
			);
			runOnlyForDeploymentPostprocessing = 0;
		};
		A7E022A227BA8375009E3B32 /* Frameworks */ = {
			isa = PBXFrameworksBuildPhase;
			buildActionMask = 2147483647;
			files = (
			);
			runOnlyForDeploymentPostprocessing = 0;
		};
		A7E022AC27BA8375009E3B32 /* Frameworks */ = {
			isa = PBXFrameworksBuildPhase;
			buildActionMask = 2147483647;
			files = (
			);
			runOnlyForDeploymentPostprocessing = 0;
		};
/* End PBXFrameworksBuildPhase section */

/* Begin PBXGroup section */
		A7E0228C27BA8373009E3B32 = {
			isa = PBXGroup;
			children = (
				A7E0229727BA8373009E3B32 /* CryptoCurrency */,
				A7E022A827BA8375009E3B32 /* CryptoCurrencyTests */,
				A7E022B227BA8375009E3B32 /* CryptoCurrencyUITests */,
				A7E0229627BA8373009E3B32 /* Products */,
			);
			sourceTree = "<group>";
		};
		A7E0229627BA8373009E3B32 /* Products */ = {
			isa = PBXGroup;
			children = (
				A7E0229527BA8373009E3B32 /* CryptoCurrency.app */,
				A7E022A527BA8375009E3B32 /* CryptoCurrencyTests.xctest */,
				A7E022AF27BA8375009E3B32 /* CryptoCurrencyUITests.xctest */,
			);
			name = Products;
			sourceTree = "<group>";
		};
		A7E0229727BA8373009E3B32 /* CryptoCurrency */ = {
			isa = PBXGroup;
			children = (
				A7F1DBE427BC3FE5003C028E /* Common */,
				A7F1DBE127BC3C18003C028E /* Views */,
				A7E022CC27BB09FD009E3B32 /* Model */,
				A7E022CB27BB09E0009E3B32 /* Services */,
				A7E022C227BAC2C8009E3B32 /* Network */,
				A7E0229827BA8373009E3B32 /* CryptoCurrencyApp.swift */,
				A7E0229C27BA8375009E3B32 /* Assets.xcassets */,
				A7E0229E27BA8375009E3B32 /* Preview Content */,
			);
			path = CryptoCurrency;
			sourceTree = "<group>";
		};
		A7E0229E27BA8375009E3B32 /* Preview Content */ = {
			isa = PBXGroup;
			children = (
				A7E0229F27BA8375009E3B32 /* Preview Assets.xcassets */,
			);
			path = "Preview Content";
			sourceTree = "<group>";
		};
		A7E022A827BA8375009E3B32 /* CryptoCurrencyTests */ = {
			isa = PBXGroup;
			children = (
				A7E022A927BA8375009E3B32 /* CryptoCurrencyTests.swift */,
			);
			path = CryptoCurrencyTests;
			sourceTree = "<group>";
		};
		A7E022B227BA8375009E3B32 /* CryptoCurrencyUITests */ = {
			isa = PBXGroup;
			children = (
				A7E022B327BA8375009E3B32 /* CryptoCurrencyUITests.swift */,
				A7E022B527BA8375009E3B32 /* CryptoCurrencyUITestsLaunchTests.swift */,
			);
			path = CryptoCurrencyUITests;
			sourceTree = "<group>";
		};
		A7E022C227BAC2C8009E3B32 /* Network */ = {
			isa = PBXGroup;
			children = (
				A7E022C327BAC2E6009E3B32 /* NetworkLayer.swift */,
				A7E022C927BAC318009E3B32 /* Executor.swift */,
				A7E022C727BAC30A009E3B32 /* Error.swift */,
				A7E022C527BAC2FD009E3B32 /* ServiceProvider.swift */,
			);
			path = Network;
			sourceTree = "<group>";
		};
		A7E022CB27BB09E0009E3B32 /* Services */ = {
			isa = PBXGroup;
			children = (
				A7F1DBDD27BB420D003C028E /* CoinService.swift */,
				A7F1DBDF27BBECB5003C028E /* CoinViewModel.swift */,
			);
			path = Services;
			sourceTree = "<group>";
		};
		A7E022CC27BB09FD009E3B32 /* Model */ = {
			isa = PBXGroup;
			children = (
				A7F1DBDB27BB0A54003C028E /* CoinModel.swift */,
			);
			path = Model;
			sourceTree = "<group>";
		};
		A7F1DBE127BC3C18003C028E /* Views */ = {
			isa = PBXGroup;
			children = (
				A7E0229A27BA8373009E3B32 /* ContentView.swift */,
				A7F1DBE227BC3C3F003C028E /* SelectAssetView.swift */,
			);
			path = Views;
			sourceTree = "<group>";
		};
		A7F1DBE427BC3FE5003C028E /* Common */ = {
			isa = PBXGroup;
			children = (
				A7F1DBE527BC3FFE003C028E /* Double+Ext.swift */,
			);
			path = Common;
			sourceTree = "<group>";
		};
/* End PBXGroup section */

/* Begin PBXNativeTarget section */
		A7E0229427BA8373009E3B32 /* CryptoCurrency */ = {
			isa = PBXNativeTarget;
			buildConfigurationList = A7E022B927BA8375009E3B32 /* Build configuration list for PBXNativeTarget "CryptoCurrency" */;
			buildPhases = (
				A7E0229127BA8373009E3B32 /* Sources */,
				A7E0229227BA8373009E3B32 /* Frameworks */,
				A7E0229327BA8373009E3B32 /* Resources */,
			);
			buildRules = (
			);
			dependencies = (
			);
			name = CryptoCurrency;
			productName = CryptoCurrency;
			productReference = A7E0229527BA8373009E3B32 /* CryptoCurrency.app */;
			productType = "com.apple.product-type.application";
		};
		A7E022A427BA8375009E3B32 /* CryptoCurrencyTests */ = {
			isa = PBXNativeTarget;
			buildConfigurationList = A7E022BC27BA8375009E3B32 /* Build configuration list for PBXNativeTarget "CryptoCurrencyTests" */;
			buildPhases = (
				A7E022A127BA8375009E3B32 /* Sources */,
				A7E022A227BA8375009E3B32 /* Frameworks */,
				A7E022A327BA8375009E3B32 /* Resources */,
			);
			buildRules = (
			);
			dependencies = (
				A7E022A727BA8375009E3B32 /* PBXTargetDependency */,
			);
			name = CryptoCurrencyTests;
			productName = CryptoCurrencyTests;
			productReference = A7E022A527BA8375009E3B32 /* CryptoCurrencyTests.xctest */;
			productType = "com.apple.product-type.bundle.unit-test";
		};
		A7E022AE27BA8375009E3B32 /* CryptoCurrencyUITests */ = {
			isa = PBXNativeTarget;
			buildConfigurationList = A7E022BF27BA8375009E3B32 /* Build configuration list for PBXNativeTarget "CryptoCurrencyUITests" */;
			buildPhases = (
				A7E022AB27BA8375009E3B32 /* Sources */,
				A7E022AC27BA8375009E3B32 /* Frameworks */,
				A7E022AD27BA8375009E3B32 /* Resources */,
			);
			buildRules = (
			);
			dependencies = (
				A7E022B127BA8375009E3B32 /* PBXTargetDependency */,
			);
			name = CryptoCurrencyUITests;
			productName = CryptoCurrencyUITests;
			productReference = A7E022AF27BA8375009E3B32 /* CryptoCurrencyUITests.xctest */;
			productType = "com.apple.product-type.bundle.ui-testing";
		};
/* End PBXNativeTarget section */

/* Begin PBXProject section */
		A7E0228D27BA8373009E3B32 /* Project object */ = {
			isa = PBXProject;
			attributes = {
				BuildIndependentTargetsInParallel = 1;
				LastSwiftUpdateCheck = 1320;
				LastUpgradeCheck = 1320;
				TargetAttributes = {
					A7E0229427BA8373009E3B32 = {
						CreatedOnToolsVersion = 13.2.1;
					};
					A7E022A427BA8375009E3B32 = {
						CreatedOnToolsVersion = 13.2.1;
						TestTargetID = A7E0229427BA8373009E3B32;
					};
					A7E022AE27BA8375009E3B32 = {
						CreatedOnToolsVersion = 13.2.1;
						TestTargetID = A7E0229427BA8373009E3B32;
					};
				};
			};
			buildConfigurationList = A7E0229027BA8373009E3B32 /* Build configuration list for PBXProject "CryptoCurrency" */;
			compatibilityVersion = "Xcode 13.0";
			developmentRegion = en;
			hasScannedForEncodings = 0;
			knownRegions = (
				en,
				Base,
			);
			mainGroup = A7E0228C27BA8373009E3B32;
			productRefGroup = A7E0229627BA8373009E3B32 /* Products */;
			projectDirPath = "";
			projectRoot = "";
			targets = (
				A7E0229427BA8373009E3B32 /* CryptoCurrency */,
				A7E022A427BA8375009E3B32 /* CryptoCurrencyTests */,
				A7E022AE27BA8375009E3B32 /* CryptoCurrencyUITests */,
			);
		};
/* End PBXProject section */

/* Begin PBXResourcesBuildPhase section */
		A7E0229327BA8373009E3B32 /* Resources */ = {
			isa = PBXResourcesBuildPhase;
			buildActionMask = 2147483647;
			files = (
				A7E022A027BA8375009E3B32 /* Preview Assets.xcassets in Resources */,
				A7E0229D27BA8375009E3B32 /* Assets.xcassets in Resources */,
			);
			runOnlyForDeploymentPostprocessing = 0;
		};
		A7E022A327BA8375009E3B32 /* Resources */ = {
			isa = PBXResourcesBuildPhase;
			buildActionMask = 2147483647;
			files = (
			);
			runOnlyForDeploymentPostprocessing = 0;
		};
		A7E022AD27BA8375009E3B32 /* Resources */ = {
			isa = PBXResourcesBuildPhase;
			buildActionMask = 2147483647;
			files = (
			);
			runOnlyForDeploymentPostprocessing = 0;
		};
/* End PBXResourcesBuildPhase section */

/* Begin PBXSourcesBuildPhase section */
		A7E0229127BA8373009E3B32 /* Sources */ = {
			isa = PBXSourcesBuildPhase;
			buildActionMask = 2147483647;
			files = (
				A7E022C627BAC2FD009E3B32 /* ServiceProvider.swift in Sources */,
				A7E022C427BAC2E6009E3B32 /* NetworkLayer.swift in Sources */,
				A7E0229B27BA8373009E3B32 /* ContentView.swift in Sources */,
				A7F1DBE027BBECB5003C028E /* CoinViewModel.swift in Sources */,
				A7F1DBE627BC3FFE003C028E /* Double+Ext.swift in Sources */,
				A7E022C827BAC30A009E3B32 /* Error.swift in Sources */,
				A7E022CA27BAC318009E3B32 /* Executor.swift in Sources */,
				A7E0229927BA8373009E3B32 /* CryptoCurrencyApp.swift in Sources */,
				A7F1DBDE27BB420D003C028E /* CoinService.swift in Sources */,
				A7F1DBDC27BB0A54003C028E /* CoinModel.swift in Sources */,
				A7F1DBE327BC3C3F003C028E /* SelectAssetView.swift in Sources */,
			);
			runOnlyForDeploymentPostprocessing = 0;
		};
		A7E022A127BA8375009E3B32 /* Sources */ = {
			isa = PBXSourcesBuildPhase;
			buildActionMask = 2147483647;
			files = (
				A7E022AA27BA8375009E3B32 /* CryptoCurrencyTests.swift in Sources */,
			);
			runOnlyForDeploymentPostprocessing = 0;
		};
		A7E022AB27BA8375009E3B32 /* Sources */ = {
			isa = PBXSourcesBuildPhase;
			buildActionMask = 2147483647;
			files = (
				A7E022B627BA8375009E3B32 /* CryptoCurrencyUITestsLaunchTests.swift in Sources */,
				A7E022B427BA8375009E3B32 /* CryptoCurrencyUITests.swift in Sources */,
			);
			runOnlyForDeploymentPostprocessing = 0;
		};
/* End PBXSourcesBuildPhase section */

/* Begin PBXTargetDependency section */
		A7E022A727BA8375009E3B32 /* PBXTargetDependency */ = {
			isa = PBXTargetDependency;
			target = A7E0229427BA8373009E3B32 /* CryptoCurrency */;
			targetProxy = A7E022A627BA8375009E3B32 /* PBXContainerItemProxy */;
		};
		A7E022B127BA8375009E3B32 /* PBXTargetDependency */ = {
			isa = PBXTargetDependency;
			target = A7E0229427BA8373009E3B32 /* CryptoCurrency */;
			targetProxy = A7E022B027BA8375009E3B32 /* PBXContainerItemProxy */;
		};
/* End PBXTargetDependency section */

/* Begin XCBuildConfiguration section */
		A7E022B727BA8375009E3B32 /* Debug */ = {
			isa = XCBuildConfiguration;
			buildSettings = {
				ALWAYS_SEARCH_USER_PATHS = NO;
				CLANG_ANALYZER_NONNULL = YES;
				CLANG_ANALYZER_NUMBER_OBJECT_CONVERSION = YES_AGGRESSIVE;
				CLANG_CXX_LANGUAGE_STANDARD = "gnu++17";
				CLANG_CXX_LIBRARY = "libc++";
				CLANG_ENABLE_MODULES = YES;
				CLANG_ENABLE_OBJC_ARC = YES;
				CLANG_ENABLE_OBJC_WEAK = YES;
				CLANG_WARN_BLOCK_CAPTURE_AUTORELEASING = YES;
				CLANG_WARN_BOOL_CONVERSION = YES;
				CLANG_WARN_COMMA = YES;
				CLANG_WARN_CONSTANT_CONVERSION = YES;
				CLANG_WARN_DEPRECATED_OBJC_IMPLEMENTATIONS = YES;
				CLANG_WARN_DIRECT_OBJC_ISA_USAGE = YES_ERROR;
				CLANG_WARN_DOCUMENTATION_COMMENTS = YES;
				CLANG_WARN_EMPTY_BODY = YES;
				CLANG_WARN_ENUM_CONVERSION = YES;
				CLANG_WARN_INFINITE_RECURSION = YES;
				CLANG_WARN_INT_CONVERSION = YES;
				CLANG_WARN_NON_LITERAL_NULL_CONVERSION = YES;
				CLANG_WARN_OBJC_IMPLICIT_RETAIN_SELF = YES;
				CLANG_WARN_OBJC_LITERAL_CONVERSION = YES;
				CLANG_WARN_OBJC_ROOT_CLASS = YES_ERROR;
				CLANG_WARN_QUOTED_INCLUDE_IN_FRAMEWORK_HEADER = YES;
				CLANG_WARN_RANGE_LOOP_ANALYSIS = YES;
				CLANG_WARN_STRICT_PROTOTYPES = YES;
				CLANG_WARN_SUSPICIOUS_MOVE = YES;
				CLANG_WARN_UNGUARDED_AVAILABILITY = YES_AGGRESSIVE;
				CLANG_WARN_UNREACHABLE_CODE = YES;
				CLANG_WARN__DUPLICATE_METHOD_MATCH = YES;
				COPY_PHASE_STRIP = NO;
				DEBUG_INFORMATION_FORMAT = dwarf;
				ENABLE_STRICT_OBJC_MSGSEND = YES;
				ENABLE_TESTABILITY = YES;
				GCC_C_LANGUAGE_STANDARD = gnu11;
				GCC_DYNAMIC_NO_PIC = NO;
				GCC_NO_COMMON_BLOCKS = YES;
				GCC_OPTIMIZATION_LEVEL = 0;
				GCC_PREPROCESSOR_DEFINITIONS = (
					"DEBUG=1",
					"$(inherited)",
				);
				GCC_WARN_64_TO_32_BIT_CONVERSION = YES;
				GCC_WARN_ABOUT_RETURN_TYPE = YES_ERROR;
				GCC_WARN_UNDECLARED_SELECTOR = YES;
				GCC_WARN_UNINITIALIZED_AUTOS = YES_AGGRESSIVE;
				GCC_WARN_UNUSED_FUNCTION = YES;
				GCC_WARN_UNUSED_VARIABLE = YES;
				IPHONEOS_DEPLOYMENT_TARGET = 15.2;
				MTL_ENABLE_DEBUG_INFO = INCLUDE_SOURCE;
				MTL_FAST_MATH = YES;
				ONLY_ACTIVE_ARCH = YES;
				SDKROOT = iphoneos;
				SWIFT_ACTIVE_COMPILATION_CONDITIONS = DEBUG;
				SWIFT_OPTIMIZATION_LEVEL = "-Onone";
			};
			name = Debug;
		};
		A7E022B827BA8375009E3B32 /* Release */ = {
			isa = XCBuildConfiguration;
			buildSettings = {
				ALWAYS_SEARCH_USER_PATHS = NO;
				CLANG_ANALYZER_NONNULL = YES;
				CLANG_ANALYZER_NUMBER_OBJECT_CONVERSION = YES_AGGRESSIVE;
				CLANG_CXX_LANGUAGE_STANDARD = "gnu++17";
				CLANG_CXX_LIBRARY = "libc++";
				CLANG_ENABLE_MODULES = YES;
				CLANG_ENABLE_OBJC_ARC = YES;
				CLANG_ENABLE_OBJC_WEAK = YES;
				CLANG_WARN_BLOCK_CAPTURE_AUTORELEASING = YES;
				CLANG_WARN_BOOL_CONVERSION = YES;
				CLANG_WARN_COMMA = YES;
				CLANG_WARN_CONSTANT_CONVERSION = YES;
				CLANG_WARN_DEPRECATED_OBJC_IMPLEMENTATIONS = YES;
				CLANG_WARN_DIRECT_OBJC_ISA_USAGE = YES_ERROR;
				CLANG_WARN_DOCUMENTATION_COMMENTS = YES;
				CLANG_WARN_EMPTY_BODY = YES;
				CLANG_WARN_ENUM_CONVERSION = YES;
				CLANG_WARN_INFINITE_RECURSION = YES;
				CLANG_WARN_INT_CONVERSION = YES;
				CLANG_WARN_NON_LITERAL_NULL_CONVERSION = YES;
				CLANG_WARN_OBJC_IMPLICIT_RETAIN_SELF = YES;
				CLANG_WARN_OBJC_LITERAL_CONVERSION = YES;
				CLANG_WARN_OBJC_ROOT_CLASS = YES_ERROR;
				CLANG_WARN_QUOTED_INCLUDE_IN_FRAMEWORK_HEADER = YES;
				CLANG_WARN_RANGE_LOOP_ANALYSIS = YES;
				CLANG_WARN_STRICT_PROTOTYPES = YES;
				CLANG_WARN_SUSPICIOUS_MOVE = YES;
				CLANG_WARN_UNGUARDED_AVAILABILITY = YES_AGGRESSIVE;
				CLANG_WARN_UNREACHABLE_CODE = YES;
				CLANG_WARN__DUPLICATE_METHOD_MATCH = YES;
				COPY_PHASE_STRIP = NO;
				DEBUG_INFORMATION_FORMAT = "dwarf-with-dsym";
				ENABLE_NS_ASSERTIONS = NO;
				ENABLE_STRICT_OBJC_MSGSEND = YES;
				GCC_C_LANGUAGE_STANDARD = gnu11;
				GCC_NO_COMMON_BLOCKS = YES;
				GCC_WARN_64_TO_32_BIT_CONVERSION = YES;
				GCC_WARN_ABOUT_RETURN_TYPE = YES_ERROR;
				GCC_WARN_UNDECLARED_SELECTOR = YES;
				GCC_WARN_UNINITIALIZED_AUTOS = YES_AGGRESSIVE;
				GCC_WARN_UNUSED_FUNCTION = YES;
				GCC_WARN_UNUSED_VARIABLE = YES;
				IPHONEOS_DEPLOYMENT_TARGET = 15.2;
				MTL_ENABLE_DEBUG_INFO = NO;
				MTL_FAST_MATH = YES;
				SDKROOT = iphoneos;
				SWIFT_COMPILATION_MODE = wholemodule;
				SWIFT_OPTIMIZATION_LEVEL = "-O";
				VALIDATE_PRODUCT = YES;
			};
			name = Release;
		};
		A7E022BA27BA8375009E3B32 /* Debug */ = {
			isa = XCBuildConfiguration;
			buildSettings = {
				ASSETCATALOG_COMPILER_APPICON_NAME = AppIcon;
				ASSETCATALOG_COMPILER_GLOBAL_ACCENT_COLOR_NAME = AccentColor;
				CODE_SIGN_STYLE = Automatic;
				CURRENT_PROJECT_VERSION = 1;
				DEVELOPMENT_ASSET_PATHS = "\"CryptoCurrency/Preview Content\"";
				ENABLE_PREVIEWS = YES;
				GENERATE_INFOPLIST_FILE = YES;
				INFOPLIST_KEY_UIApplicationSceneManifest_Generation = YES;
				INFOPLIST_KEY_UIApplicationSupportsIndirectInputEvents = YES;
				INFOPLIST_KEY_UILaunchScreen_Generation = YES;
				INFOPLIST_KEY_UISupportedInterfaceOrientations_iPad = "UIInterfaceOrientationPortrait UIInterfaceOrientationPortraitUpsideDown UIInterfaceOrientationLandscapeLeft UIInterfaceOrientationLandscapeRight";
				INFOPLIST_KEY_UISupportedInterfaceOrientations_iPhone = "UIInterfaceOrientationPortrait UIInterfaceOrientationLandscapeLeft UIInterfaceOrientationLandscapeRight";
				LD_RUNPATH_SEARCH_PATHS = (
					"$(inherited)",
					"@executable_path/Frameworks",
				);
				MARKETING_VERSION = 1.0;
				PRODUCT_BUNDLE_IDENTIFIER = com.ana.CryptoCurrency;
				PRODUCT_NAME = "$(TARGET_NAME)";
				SWIFT_EMIT_LOC_STRINGS = YES;
				SWIFT_VERSION = 5.0;
				TARGETED_DEVICE_FAMILY = "1,2";
			};
			name = Debug;
		};
		A7E022BB27BA8375009E3B32 /* Release */ = {
			isa = XCBuildConfiguration;
			buildSettings = {
				ASSETCATALOG_COMPILER_APPICON_NAME = AppIcon;
				ASSETCATALOG_COMPILER_GLOBAL_ACCENT_COLOR_NAME = AccentColor;
				CODE_SIGN_STYLE = Automatic;
				CURRENT_PROJECT_VERSION = 1;
				DEVELOPMENT_ASSET_PATHS = "\"CryptoCurrency/Preview Content\"";
				ENABLE_PREVIEWS = YES;
				GENERATE_INFOPLIST_FILE = YES;
				INFOPLIST_KEY_UIApplicationSceneManifest_Generation = YES;
				INFOPLIST_KEY_UIApplicationSupportsIndirectInputEvents = YES;
				INFOPLIST_KEY_UILaunchScreen_Generation = YES;
				INFOPLIST_KEY_UISupportedInterfaceOrientations_iPad = "UIInterfaceOrientationPortrait UIInterfaceOrientationPortraitUpsideDown UIInterfaceOrientationLandscapeLeft UIInterfaceOrientationLandscapeRight";
				INFOPLIST_KEY_UISupportedInterfaceOrientations_iPhone = "UIInterfaceOrientationPortrait UIInterfaceOrientationLandscapeLeft UIInterfaceOrientationLandscapeRight";
				LD_RUNPATH_SEARCH_PATHS = (
					"$(inherited)",
					"@executable_path/Frameworks",
				);
				MARKETING_VERSION = 1.0;
				PRODUCT_BUNDLE_IDENTIFIER = com.ana.CryptoCurrency;
				PRODUCT_NAME = "$(TARGET_NAME)";
				SWIFT_EMIT_LOC_STRINGS = YES;
				SWIFT_VERSION = 5.0;
				TARGETED_DEVICE_FAMILY = "1,2";
			};
			name = Release;
		};
		A7E022BD27BA8375009E3B32 /* Debug */ = {
			isa = XCBuildConfiguration;
			buildSettings = {
				ALWAYS_EMBED_SWIFT_STANDARD_LIBRARIES = YES;
				BUNDLE_LOADER = "$(TEST_HOST)";
				CODE_SIGN_STYLE = Automatic;
				CURRENT_PROJECT_VERSION = 1;
				GENERATE_INFOPLIST_FILE = YES;
				IPHONEOS_DEPLOYMENT_TARGET = 15.2;
				MARKETING_VERSION = 1.0;
				PRODUCT_BUNDLE_IDENTIFIER = com.ana.CryptoCurrencyTests;
				PRODUCT_NAME = "$(TARGET_NAME)";
				SWIFT_EMIT_LOC_STRINGS = NO;
				SWIFT_VERSION = 5.0;
				TARGETED_DEVICE_FAMILY = "1,2";
				TEST_HOST = "$(BUILT_PRODUCTS_DIR)/CryptoCurrency.app/CryptoCurrency";
			};
			name = Debug;
		};
		A7E022BE27BA8375009E3B32 /* Release */ = {
			isa = XCBuildConfiguration;
			buildSettings = {
				ALWAYS_EMBED_SWIFT_STANDARD_LIBRARIES = YES;
				BUNDLE_LOADER = "$(TEST_HOST)";
				CODE_SIGN_STYLE = Automatic;
				CURRENT_PROJECT_VERSION = 1;
				GENERATE_INFOPLIST_FILE = YES;
				IPHONEOS_DEPLOYMENT_TARGET = 15.2;
				MARKETING_VERSION = 1.0;
				PRODUCT_BUNDLE_IDENTIFIER = com.ana.CryptoCurrencyTests;
				PRODUCT_NAME = "$(TARGET_NAME)";
				SWIFT_EMIT_LOC_STRINGS = NO;
				SWIFT_VERSION = 5.0;
				TARGETED_DEVICE_FAMILY = "1,2";
				TEST_HOST = "$(BUILT_PRODUCTS_DIR)/CryptoCurrency.app/CryptoCurrency";
			};
			name = Release;
		};
		A7E022C027BA8375009E3B32 /* Debug */ = {
			isa = XCBuildConfiguration;
			buildSettings = {
				ALWAYS_EMBED_SWIFT_STANDARD_LIBRARIES = YES;
				CODE_SIGN_STYLE = Automatic;
				CURRENT_PROJECT_VERSION = 1;
				GENERATE_INFOPLIST_FILE = YES;
				MARKETING_VERSION = 1.0;
				PRODUCT_BUNDLE_IDENTIFIER = com.ana.CryptoCurrencyUITests;
				PRODUCT_NAME = "$(TARGET_NAME)";
				SWIFT_EMIT_LOC_STRINGS = NO;
				SWIFT_VERSION = 5.0;
				TARGETED_DEVICE_FAMILY = "1,2";
				TEST_TARGET_NAME = CryptoCurrency;
			};
			name = Debug;
		};
		A7E022C127BA8375009E3B32 /* Release */ = {
			isa = XCBuildConfiguration;
			buildSettings = {
				ALWAYS_EMBED_SWIFT_STANDARD_LIBRARIES = YES;
				CODE_SIGN_STYLE = Automatic;
				CURRENT_PROJECT_VERSION = 1;
				GENERATE_INFOPLIST_FILE = YES;
				MARKETING_VERSION = 1.0;
				PRODUCT_BUNDLE_IDENTIFIER = com.ana.CryptoCurrencyUITests;
				PRODUCT_NAME = "$(TARGET_NAME)";
				SWIFT_EMIT_LOC_STRINGS = NO;
				SWIFT_VERSION = 5.0;
				TARGETED_DEVICE_FAMILY = "1,2";
				TEST_TARGET_NAME = CryptoCurrency;
			};
			name = Release;
		};
/* End XCBuildConfiguration section */

/* Begin XCConfigurationList section */
		A7E0229027BA8373009E3B32 /* Build configuration list for PBXProject "CryptoCurrency" */ = {
			isa = XCConfigurationList;
			buildConfigurations = (
				A7E022B727BA8375009E3B32 /* Debug */,
				A7E022B827BA8375009E3B32 /* Release */,
			);
			defaultConfigurationIsVisible = 0;
			defaultConfigurationName = Release;
		};
		A7E022B927BA8375009E3B32 /* Build configuration list for PBXNativeTarget "CryptoCurrency" */ = {
			isa = XCConfigurationList;
			buildConfigurations = (
				A7E022BA27BA8375009E3B32 /* Debug */,
				A7E022BB27BA8375009E3B32 /* Release */,
			);
			defaultConfigurationIsVisible = 0;
			defaultConfigurationName = Release;
		};
		A7E022BC27BA8375009E3B32 /* Build configuration list for PBXNativeTarget "CryptoCurrencyTests" */ = {
			isa = XCConfigurationList;
			buildConfigurations = (
				A7E022BD27BA8375009E3B32 /* Debug */,
				A7E022BE27BA8375009E3B32 /* Release */,
			);
			defaultConfigurationIsVisible = 0;
			defaultConfigurationName = Release;
		};
		A7E022BF27BA8375009E3B32 /* Build configuration list for PBXNativeTarget "CryptoCurrencyUITests" */ = {
			isa = XCConfigurationList;
			buildConfigurations = (
				A7E022C027BA8375009E3B32 /* Debug */,
				A7E022C127BA8375009E3B32 /* Release */,
			);
			defaultConfigurationIsVisible = 0;
			defaultConfigurationName = Release;
		};
/* End XCConfigurationList section */
	};
	rootObject = A7E0228D27BA8373009E3B32 /* Project object */;
}
